
Microsoft Visual Studio Solution File, Format Version 12.00
# Visual Studio Version 17
VisualStudioVersion = 17.5.33627.172
MinimumVisualStudioVersion = 10.0.40219.1
Project("{9A19103F-16F7-4668-BE54-9A1E7A4F7556}") = "UserService", "UserService\UserService.csproj", "{2898EB95-3759-41FD-A504-2D4F60CC2482}"
EndProject
Global
	GlobalSection(SolutionConfigurationPlatforms) = preSolution
		Debug|Any CPU = Debug|Any CPU
		Release|Any CPU = Release|Any CPU
	EndGlobalSection
	GlobalSection(ProjectConfigurationPlatforms) = postSolution
		{2898EB95-3759-41FD-A504-2D4F60CC2482}.Debug|Any CPU.ActiveCfg = Debug|Any CPU
		{2898EB95-3759-41FD-A504-2D4F60CC2482}.Debug|Any CPU.Build.0 = Debug|Any CPU
		{2898EB95-3759-41FD-A504-2D4F60CC2482}.Release|Any CPU.ActiveCfg = Release|Any CPU
		{2898EB95-3759-41FD-A504-2D4F60CC2482}.Release|Any CPU.Build.0 = Release|Any CPU
	EndGlobalSection
	GlobalSection(SolutionProperties) = preSolution
		HideSolutionNode = FALSE
	EndGlobalSection
	GlobalSection(ExtensibilityGlobals) = postSolution
		SolutionGuid = {6CEBE7EA-37B4-463F-BC00-7279927480AD}
	EndGlobalSection
EndGlobal
